// !$*UTF8*$!
{
	archiveVersion = 1;
	classes = {
	};
	objectVersion = 46;
	objects = {

/* Begin PBXBuildFile section */
		C0FE9C5C1920812200B23C68 /* Foundation.framework in Frameworks */ = {isa = PBXBuildFile; fileRef = C0FE9C5B1920812200B23C68 /* Foundation.framework */; };
		C0FE9C5E1920812200B23C68 /* CoreGraphics.framework in Frameworks */ = {isa = PBXBuildFile; fileRef = C0FE9C5D1920812200B23C68 /* CoreGraphics.framework */; };
		C0FE9C601920812200B23C68 /* UIKit.framework in Frameworks */ = {isa = PBXBuildFile; fileRef = C0FE9C5F1920812200B23C68 /* UIKit.framework */; };
		C0FE9C661920812200B23C68 /* InfoPlist.strings in Resources */ = {isa = PBXBuildFile; fileRef = C0FE9C641920812200B23C68 /* InfoPlist.strings */; };
		C0FE9C681920812200B23C68 /* main.m in Sources */ = {isa = PBXBuildFile; fileRef = C0FE9C671920812200B23C68 /* main.m */; };
		C0FE9C6C1920812200B23C68 /* AppDelegate.m in Sources */ = {isa = PBXBuildFile; fileRef = C0FE9C6B1920812200B23C68 /* AppDelegate.m */; };
		C0FE9C6F1920812200B23C68 /* Main.storyboard in Resources */ = {isa = PBXBuildFile; fileRef = C0FE9C6D1920812200B23C68 /* Main.storyboard */; };
		C0FE9C721920812200B23C68 /* ViewController.m in Sources */ = {isa = PBXBuildFile; fileRef = C0FE9C711920812200B23C68 /* ViewController.m */; };
		C0FE9C741920812200B23C68 /* Images.xcassets in Resources */ = {isa = PBXBuildFile; fileRef = C0FE9C731920812200B23C68 /* Images.xcassets */; };
		C0FE9C7B1920812300B23C68 /* XCTest.framework in Frameworks */ = {isa = PBXBuildFile; fileRef = C0FE9C7A1920812300B23C68 /* XCTest.framework */; };
		C0FE9C7C1920812300B23C68 /* Foundation.framework in Frameworks */ = {isa = PBXBuildFile; fileRef = C0FE9C5B1920812200B23C68 /* Foundation.framework */; };
		C0FE9C7D1920812300B23C68 /* UIKit.framework in Frameworks */ = {isa = PBXBuildFile; fileRef = C0FE9C5F1920812200B23C68 /* UIKit.framework */; };
		C0FE9C851920812300B23C68 /* InfoPlist.strings in Resources */ = {isa = PBXBuildFile; fileRef = C0FE9C831920812300B23C68 /* InfoPlist.strings */; };
		C0FE9C871920812300B23C68 /* LoginSampleFBTests.m in Sources */ = {isa = PBXBuildFile; fileRef = C0FE9C861920812300B23C68 /* LoginSampleFBTests.m */; };
/* End PBXBuildFile section */

/* Begin PBXContainerItemProxy section */
		C0FE9C7E1920812300B23C68 /* PBXContainerItemProxy */ = {
			isa = PBXContainerItemProxy;
			containerPortal = C0FE9C501920812200B23C68 /* Project object */;
			proxyType = 1;
			remoteGlobalIDString = C0FE9C571920812200B23C68;
			remoteInfo = LoginSampleFB;
		};
/* End PBXContainerItemProxy section */

/* Begin PBXFileReference section */
		C0FE9C581920812200B23C68 /* LoginSampleFB.app */ = {isa = PBXFileReference; explicitFileType = wrapper.application; includeInIndex = 0; path = LoginSampleFB.app; sourceTree = BUILT_PRODUCTS_DIR; };
		C0FE9C5B1920812200B23C68 /* Foundation.framework */ = {isa = PBXFileReference; lastKnownFileType = wrapper.framework; name = Foundation.framework; path = System/Library/Frameworks/Foundation.framework; sourceTree = SDKROOT; };
		C0FE9C5D1920812200B23C68 /* CoreGraphics.framework */ = {isa = PBXFileReference; lastKnownFileType = wrapper.framework; name = CoreGraphics.framework; path = System/Library/Frameworks/CoreGraphics.framework; sourceTree = SDKROOT; };
		C0FE9C5F1920812200B23C68 /* UIKit.framework */ = {isa = PBXFileReference; lastKnownFileType = wrapper.framework; name = UIKit.framework; path = System/Library/Frameworks/UIKit.framework; sourceTree = SDKROOT; };
		C0FE9C631920812200B23C68 /* LoginSampleFB-Info.plist */ = {isa = PBXFileReference; lastKnownFileType = text.plist.xml; path = "LoginSampleFB-Info.plist"; sourceTree = "<group>"; };
		C0FE9C651920812200B23C68 /* en */ = {isa = PBXFileReference; lastKnownFileType = text.plist.strings; name = en; path = en.lproj/InfoPlist.strings; sourceTree = "<group>"; };
		C0FE9C671920812200B23C68 /* main.m */ = {isa = PBXFileReference; lastKnownFileType = sourcecode.c.objc; path = main.m; sourceTree = "<group>"; };
		C0FE9C691920812200B23C68 /* LoginSampleFB-Prefix.pch */ = {isa = PBXFileReference; lastKnownFileType = sourcecode.c.h; path = "LoginSampleFB-Prefix.pch"; sourceTree = "<group>"; };
		C0FE9C6A1920812200B23C68 /* AppDelegate.h */ = {isa = PBXFileReference; lastKnownFileType = sourcecode.c.h; path = AppDelegate.h; sourceTree = "<group>"; };
		C0FE9C6B1920812200B23C68 /* AppDelegate.m */ = {isa = PBXFileReference; lastKnownFileType = sourcecode.c.objc; path = AppDelegate.m; sourceTree = "<group>"; };
		C0FE9C6E1920812200B23C68 /* Base */ = {isa = PBXFileReference; lastKnownFileType = file.storyboard; name = Base; path = Base.lproj/Main.storyboard; sourceTree = "<group>"; };
		C0FE9C701920812200B23C68 /* ViewController.h */ = {isa = PBXFileReference; lastKnownFileType = sourcecode.c.h; path = ViewController.h; sourceTree = "<group>"; };
		C0FE9C711920812200B23C68 /* ViewController.m */ = {isa = PBXFileReference; lastKnownFileType = sourcecode.c.objc; path = ViewController.m; sourceTree = "<group>"; };
		C0FE9C731920812200B23C68 /* Images.xcassets */ = {isa = PBXFileReference; lastKnownFileType = folder.assetcatalog; path = Images.xcassets; sourceTree = "<group>"; };
		C0FE9C791920812300B23C68 /* LoginSampleFBTests.xctest */ = {isa = PBXFileReference; explicitFileType = wrapper.cfbundle; includeInIndex = 0; path = LoginSampleFBTests.xctest; sourceTree = BUILT_PRODUCTS_DIR; };
		C0FE9C7A1920812300B23C68 /* XCTest.framework */ = {isa = PBXFileReference; lastKnownFileType = wrapper.framework; name = XCTest.framework; path = Library/Frameworks/XCTest.framework; sourceTree = DEVELOPER_DIR; };
		C0FE9C821920812300B23C68 /* LoginSampleFBTests-Info.plist */ = {isa = PBXFileReference; lastKnownFileType = text.plist.xml; path = "LoginSampleFBTests-Info.plist"; sourceTree = "<group>"; };
		C0FE9C841920812300B23C68 /* en */ = {isa = PBXFileReference; lastKnownFileType = text.plist.strings; name = en; path = en.lproj/InfoPlist.strings; sourceTree = "<group>"; };
		C0FE9C861920812300B23C68 /* LoginSampleFBTests.m */ = {isa = PBXFileReference; lastKnownFileType = sourcecode.c.objc; path = LoginSampleFBTests.m; sourceTree = "<group>"; };
/* End PBXFileReference section */

/* Begin PBXFrameworksBuildPhase section */
		C0FE9C551920812200B23C68 /* Frameworks */ = {
			isa = PBXFrameworksBuildPhase;
			buildActionMask = 2147483647;
			files = (
				C0FE9C5E1920812200B23C68 /* CoreGraphics.framework in Frameworks */,
				C0FE9C601920812200B23C68 /* UIKit.framework in Frameworks */,
				C0FE9C5C1920812200B23C68 /* Foundation.framework in Frameworks */,
			);
			runOnlyForDeploymentPostprocessing = 0;
		};
		C0FE9C761920812300B23C68 /* Frameworks */ = {
			isa = PBXFrameworksBuildPhase;
			buildActionMask = 2147483647;
			files = (
				C0FE9C7B1920812300B23C68 /* XCTest.framework in Frameworks */,
				C0FE9C7D1920812300B23C68 /* UIKit.framework in Frameworks */,
				C0FE9C7C1920812300B23C68 /* Foundation.framework in Frameworks */,
			);
			runOnlyForDeploymentPostprocessing = 0;
		};
/* End PBXFrameworksBuildPhase section */

/* Begin PBXGroup section */
		C0FE9C4F1920812200B23C68 = {
			isa = PBXGroup;
			children = (
				C0FE9C611920812200B23C68 /* LoginSampleFB */,
				C0FE9C801920812300B23C68 /* LoginSampleFBTests */,
				C0FE9C5A1920812200B23C68 /* Frameworks */,
				C0FE9C591920812200B23C68 /* Products */,
			);
			sourceTree = "<group>";
		};
		C0FE9C591920812200B23C68 /* Products */ = {
			isa = PBXGroup;
			children = (
				C0FE9C581920812200B23C68 /* LoginSampleFB.app */,
				C0FE9C791920812300B23C68 /* LoginSampleFBTests.xctest */,
			);
			name = Products;
			sourceTree = "<group>";
		};
		C0FE9C5A1920812200B23C68 /* Frameworks */ = {
			isa = PBXGroup;
			children = (
				C0FE9C5B1920812200B23C68 /* Foundation.framework */,
				C0FE9C5D1920812200B23C68 /* CoreGraphics.framework */,
				C0FE9C5F1920812200B23C68 /* UIKit.framework */,
				C0FE9C7A1920812300B23C68 /* XCTest.framework */,
			);
			name = Frameworks;
			sourceTree = "<group>";
		};
		C0FE9C611920812200B23C68 /* LoginSampleFB */ = {
			isa = PBXGroup;
			children = (
				C0FE9C6A1920812200B23C68 /* AppDelegate.h */,
				C0FE9C6B1920812200B23C68 /* AppDelegate.m */,
				C0FE9C6D1920812200B23C68 /* Main.storyboard */,
				C0FE9C701920812200B23C68 /* ViewController.h */,
				C0FE9C711920812200B23C68 /* ViewController.m */,
				C0FE9C731920812200B23C68 /* Images.xcassets */,
				C0FE9C621920812200B23C68 /* Supporting Files */,
			);
			path = LoginSampleFB;
			sourceTree = "<group>";
		};
		C0FE9C621920812200B23C68 /* Supporting Files */ = {
			isa = PBXGroup;
			children = (
				C0FE9C631920812200B23C68 /* LoginSampleFB-Info.plist */,
				C0FE9C641920812200B23C68 /* InfoPlist.strings */,
				C0FE9C671920812200B23C68 /* main.m */,
				C0FE9C691920812200B23C68 /* LoginSampleFB-Prefix.pch */,
			);
			name = "Supporting Files";
			sourceTree = "<group>";
		};
		C0FE9C801920812300B23C68 /* LoginSampleFBTests */ = {
			isa = PBXGroup;
			children = (
				C0FE9C861920812300B23C68 /* LoginSampleFBTests.m */,
				C0FE9C811920812300B23C68 /* Supporting Files */,
			);
			path = LoginSampleFBTests;
			sourceTree = "<group>";
		};
		C0FE9C811920812300B23C68 /* Supporting Files */ = {
			isa = PBXGroup;
			children = (
				C0FE9C821920812300B23C68 /* LoginSampleFBTests-Info.plist */,
				C0FE9C831920812300B23C68 /* InfoPlist.strings */,
			);
			name = "Supporting Files";
			sourceTree = "<group>";
		};
/* End PBXGroup section */

/* Begin PBXNativeTarget section */
		C0FE9C571920812200B23C68 /* LoginSampleFB */ = {
			isa = PBXNativeTarget;
			buildConfigurationList = C0FE9C8A1920812300B23C68 /* Build configuration list for PBXNativeTarget "LoginSampleFB" */;
			buildPhases = (
				C0FE9C541920812200B23C68 /* Sources */,
				C0FE9C551920812200B23C68 /* Frameworks */,
				C0FE9C561920812200B23C68 /* Resources */,
			);
			buildRules = (
			);
			dependencies = (
			);
			name = LoginSampleFB;
			productName = LoginSampleFB;
			productReference = C0FE9C581920812200B23C68 /* LoginSampleFB.app */;
			productType = "com.apple.product-type.application";
		};
		C0FE9C781920812300B23C68 /* LoginSampleFBTests */ = {
			isa = PBXNativeTarget;
			buildConfigurationList = C0FE9C8D1920812300B23C68 /* Build configuration list for PBXNativeTarget "LoginSampleFBTests" */;
			buildPhases = (
				C0FE9C751920812300B23C68 /* Sources */,
				C0FE9C761920812300B23C68 /* Frameworks */,
				C0FE9C771920812300B23C68 /* Resources */,
			);
			buildRules = (
			);
			dependencies = (
				C0FE9C7F1920812300B23C68 /* PBXTargetDependency */,
			);
			name = LoginSampleFBTests;
			productName = LoginSampleFBTests;
			productReference = C0FE9C791920812300B23C68 /* LoginSampleFBTests.xctest */;
			productType = "com.apple.product-type.bundle.unit-test";
		};
/* End PBXNativeTarget section */

/* Begin PBXProject section */
		C0FE9C501920812200B23C68 /* Project object */ = {
			isa = PBXProject;
			attributes = {
				LastUpgradeCheck = 0510;
				ORGANIZATIONNAME = Appcoda;
				TargetAttributes = {
					C0FE9C781920812300B23C68 = {
						TestTargetID = C0FE9C571920812200B23C68;
					};
				};
			};
			buildConfigurationList = C0FE9C531920812200B23C68 /* Build configuration list for PBXProject "LoginSampleFB" */;
			compatibilityVersion = "Xcode 3.2";
			developmentRegion = English;
			hasScannedForEncodings = 0;
			knownRegions = (
				en,
				Base,
			);
			mainGroup = C0FE9C4F1920812200B23C68;
			productRefGroup = C0FE9C591920812200B23C68 /* Products */;
			projectDirPath = "";
			projectRoot = "";
			targets = (
				C0FE9C571920812200B23C68 /* LoginSampleFB */,
				C0FE9C781920812300B23C68 /* LoginSampleFBTests */,
			);
		};
/* End PBXProject section */

/* Begin PBXResourcesBuildPhase section */
		C0FE9C561920812200B23C68 /* Resources */ = {
			isa = PBXResourcesBuildPhase;
			buildActionMask = 2147483647;
			files = (
				C0FE9C741920812200B23C68 /* Images.xcassets in Resources */,
				C0FE9C661920812200B23C68 /* InfoPlist.strings in Resources */,
				C0FE9C6F1920812200B23C68 /* Main.storyboard in Resources */,
			);
			runOnlyForDeploymentPostprocessing = 0;
		};
		C0FE9C771920812300B23C68 /* Resources */ = {
			isa = PBXResourcesBuildPhase;
			buildActionMask = 2147483647;
			files = (
				C0FE9C851920812300B23C68 /* InfoPlist.strings in Resources */,
			);
			runOnlyForDeploymentPostprocessing = 0;
		};
/* End PBXResourcesBuildPhase section */

/* Begin PBXSourcesBuildPhase section */
		C0FE9C541920812200B23C68 /* Sources */ = {
			isa = PBXSourcesBuildPhase;
			buildActionMask = 2147483647;
			files = (
				C0FE9C721920812200B23C68 /* ViewController.m in Sources */,
				C0FE9C6C1920812200B23C68 /* AppDelegate.m in Sources */,
				C0FE9C681920812200B23C68 /* main.m in Sources */,
			);
			runOnlyForDeploymentPostprocessing = 0;
		};
		C0FE9C751920812300B23C68 /* Sources */ = {
			isa = PBXSourcesBuildPhase;
			buildActionMask = 2147483647;
			files = (
				C0FE9C871920812300B23C68 /* LoginSampleFBTests.m in Sources */,
			);
			runOnlyForDeploymentPostprocessing = 0;
		};
/* End PBXSourcesBuildPhase section */

/* Begin PBXTargetDependency section */
		C0FE9C7F1920812300B23C68 /* PBXTargetDependency */ = {
			isa = PBXTargetDependency;
			target = C0FE9C571920812200B23C68 /* LoginSampleFB */;
			targetProxy = C0FE9C7E1920812300B23C68 /* PBXContainerItemProxy */;
		};
/* End PBXTargetDependency section */

/* Begin PBXVariantGroup section */
		C0FE9C641920812200B23C68 /* InfoPlist.strings */ = {
			isa = PBXVariantGroup;
			children = (
				C0FE9C651920812200B23C68 /* en */,
			);
			name = InfoPlist.strings;
			sourceTree = "<group>";
		};
		C0FE9C6D1920812200B23C68 /* Main.storyboard */ = {
			isa = PBXVariantGroup;
			children = (
				C0FE9C6E1920812200B23C68 /* Base */,
			);
			name = Main.storyboard;
			sourceTree = "<group>";
		};
		C0FE9C831920812300B23C68 /* InfoPlist.strings */ = {
			isa = PBXVariantGroup;
			children = (
				C0FE9C841920812300B23C68 /* en */,
			);
			name = InfoPlist.strings;
			sourceTree = "<group>";
		};
/* End PBXVariantGroup section */

/* Begin XCBuildConfiguration section */
		C0FE9C881920812300B23C68 /* Debug */ = {
			isa = XCBuildConfiguration;
			buildSettings = {
				ALWAYS_SEARCH_USER_PATHS = NO;
				CLANG_CXX_LANGUAGE_STANDARD = "gnu++0x";
				CLANG_CXX_LIBRARY = "libc++";
				CLANG_ENABLE_MODULES = YES;
				CLANG_ENABLE_OBJC_ARC = YES;
				CLANG_WARN_BOOL_CONVERSION = YES;
				CLANG_WARN_CONSTANT_CONVERSION = YES;
				CLANG_WARN_DIRECT_OBJC_ISA_USAGE = YES_ERROR;
				CLANG_WARN_EMPTY_BODY = YES;
				CLANG_WARN_ENUM_CONVERSION = YES;
				CLANG_WARN_INT_CONVERSION = YES;
				CLANG_WARN_OBJC_ROOT_CLASS = YES_ERROR;
				CLANG_WARN__DUPLICATE_METHOD_MATCH = YES;
				"CODE_SIGN_IDENTITY[sdk=iphoneos*]" = "iPhone Developer";
				COPY_PHASE_STRIP = NO;
				GCC_C_LANGUAGE_STANDARD = gnu99;
				GCC_DYNAMIC_NO_PIC = NO;
				GCC_OPTIMIZATION_LEVEL = 0;
				GCC_PREPROCESSOR_DEFINITIONS = (
					"DEBUG=1",
					"$(inherited)",
				);
				GCC_SYMBOLS_PRIVATE_EXTERN = NO;
				GCC_WARN_64_TO_32_BIT_CONVERSION = YES;
				GCC_WARN_ABOUT_RETURN_TYPE = YES_ERROR;
				GCC_WARN_UNDECLARED_SELECTOR = YES;
				GCC_WARN_UNINITIALIZED_AUTOS = YES_AGGRESSIVE;
				GCC_WARN_UNUSED_FUNCTION = YES;
				GCC_WARN_UNUSED_VARIABLE = YES;
				IPHONEOS_DEPLOYMENT_TARGET = 7.1;
				ONLY_ACTIVE_ARCH = YES;
				SDKROOT = iphoneos;
			};
			name = Debug;
		};
		C0FE9C891920812300B23C68 /* Release */ = {
			isa = XCBuildConfiguration;
			buildSettings = {
				ALWAYS_SEARCH_USER_PATHS = NO;
				CLANG_CXX_LANGUAGE_STANDARD = "gnu++0x";
				CLANG_CXX_LIBRARY = "libc++";
				CLANG_ENABLE_MODULES = YES;
				CLANG_ENABLE_OBJC_ARC = YES;
				CLANG_WARN_BOOL_CONVERSION = YES;
				CLANG_WARN_CONSTANT_CONVERSION = YES;
				CLANG_WARN_DIRECT_OBJC_ISA_USAGE = YES_ERROR;
				CLANG_WARN_EMPTY_BODY = YES;
				CLANG_WARN_ENUM_CONVERSION = YES;
				CLANG_WARN_INT_CONVERSION = YES;
				CLANG_WARN_OBJC_ROOT_CLASS = YES_ERROR;
				CLANG_WARN__DUPLICATE_METHOD_MATCH = YES;
				"CODE_SIGN_IDENTITY[sdk=iphoneos*]" = "iPhone Developer";
				COPY_PHASE_STRIP = YES;
				ENABLE_NS_ASSERTIONS = NO;
				GCC_C_LANGUAGE_STANDARD = gnu99;
				GCC_WARN_64_TO_32_BIT_CONVERSION = YES;
				GCC_WARN_ABOUT_RETURN_TYPE = YES_ERROR;
				GCC_WARN_UNDECLARED_SELECTOR = YES;
				GCC_WARN_UNINITIALIZED_AUTOS = YES_AGGRESSIVE;
				GCC_WARN_UNUSED_FUNCTION = YES;
				GCC_WARN_UNUSED_VARIABLE = YES;
				IPHONEOS_DEPLOYMENT_TARGET = 7.1;
				SDKROOT = iphoneos;
				VALIDATE_PRODUCT = YES;
			};
			name = Release;
		};
		C0FE9C8B1920812300B23C68 /* Debug */ = {
			isa = XCBuildConfiguration;
			buildSettings = {
				ASSETCATALOG_COMPILER_APPICON_NAME = AppIcon;
				ASSETCATALOG_COMPILER_LAUNCHIMAGE_NAME = LaunchImage;
				GCC_PRECOMPILE_PREFIX_HEADER = YES;
				GCC_PREFIX_HEADER = "LoginSampleFB/LoginSampleFB-Prefix.pch";
				INFOPLIST_FILE = "LoginSampleFB/LoginSampleFB-Info.plist";
				PRODUCT_NAME = "$(TARGET_NAME)";
				WRAPPER_EXTENSION = app;
			};
			name = Debug;
		};
		C0FE9C8C1920812300B23C68 /* Release */ = {
			isa = XCBuildConfiguration;
			buildSettings = {
				ASSETCATALOG_COMPILER_APPICON_NAME = AppIcon;
				ASSETCATALOG_COMPILER_LAUNCHIMAGE_NAME = LaunchImage;
				GCC_PRECOMPILE_PREFIX_HEADER = YES;
				GCC_PREFIX_HEADER = "LoginSampleFB/LoginSampleFB-Prefix.pch";
				INFOPLIST_FILE = "LoginSampleFB/LoginSampleFB-Info.plist";
				PRODUCT_NAME = "$(TARGET_NAME)";
				WRAPPER_EXTENSION = app;
			};
			name = Release;
		};
		C0FE9C8E1920812300B23C68 /* Debug */ = {
			isa = XCBuildConfiguration;
			buildSettings = {
				BUNDLE_LOADER = "$(BUILT_PRODUCTS_DIR)/LoginSampleFB.app/LoginSampleFB";
				FRAMEWORK_SEARCH_PATHS = (
					"$(SDKROOT)/Developer/Library/Frameworks",
					"$(inherited)",
					"$(DEVELOPER_FRAMEWORKS_DIR)",
				);
				GCC_PRECOMPILE_PREFIX_HEADER = YES;
				GCC_PREFIX_HEADER = "LoginSampleFB/LoginSampleFB-Prefix.pch";
				GCC_PREPROCESSOR_DEFINITIONS = (
					"DEBUG=1",
					"$(inherited)",
				);
				INFOPLIST_FILE = "LoginSampleFBTests/LoginSampleFBTests-Info.plist";
				PRODUCT_NAME = "$(TARGET_NAME)";
				TEST_HOST = "$(BUNDLE_LOADER)";
				WRAPPER_EXTENSION = xctest;
			};
			name = Debug;
		};
		C0FE9C8F1920812300B23C68 /* Release */ = {
			isa = XCBuildConfiguration;
			buildSettings = {
				BUNDLE_LOADER = "$(BUILT_PRODUCTS_DIR)/LoginSampleFB.app/LoginSampleFB";
				FRAMEWORK_SEARCH_PATHS = (
					"$(SDKROOT)/Developer/Library/Frameworks",
					"$(inherited)",
					"$(DEVELOPER_FRAMEWORKS_DIR)",
				);
				GCC_PRECOMPILE_PREFIX_HEADER = YES;
				GCC_PREFIX_HEADER = "LoginSampleFB/LoginSampleFB-Prefix.pch";
				INFOPLIST_FILE = "LoginSampleFBTests/LoginSampleFBTests-Info.plist";
				PRODUCT_NAME = "$(TARGET_NAME)";
				TEST_HOST = "$(BUNDLE_LOADER)";
				WRAPPER_EXTENSION = xctest;
			};
			name = Release;
		};
/* End XCBuildConfiguration section */

/* Begin XCConfigurationList section */
		C0FE9C531920812200B23C68 /* Build configuration list for PBXProject "LoginSampleFB" */ = {
			isa = XCConfigurationList;
			buildConfigurations = (
				C0FE9C881920812300B23C68 /* Debug */,
				C0FE9C891920812300B23C68 /* Release */,
			);
			defaultConfigurationIsVisible = 0;
			defaultConfigurationName = Release;
		};
		C0FE9C8A1920812300B23C68 /* Build configuration list for PBXNativeTarget "LoginSampleFB" */ = {
			isa = XCConfigurationList;
			buildConfigurations = (
				C0FE9C8B1920812300B23C68 /* Debug */,
				C0FE9C8C1920812300B23C68 /* Release */,
			);
			defaultConfigurationIsVisible = 0;
		};
		C0FE9C8D1920812300B23C68 /* Build configuration list for PBXNativeTarget "LoginSampleFBTests" */ = {
			isa = XCConfigurationList;
			buildConfigurations = (
				C0FE9C8E1920812300B23C68 /* Debug */,
				C0FE9C8F1920812300B23C68 /* Release */,
			);
			defaultConfigurationIsVisible = 0;
		};
/* End XCConfigurationList section */
	};
	rootObject = C0FE9C501920812200B23C68 /* Project object */;
}
